{
  "name": "click-poker",
  "lockfileVersion": 3,
  "requires": true,
  "packages": {
    "": {
      "dependencies": {
        "lodash": "^4.17.21",
        "pokersolver": "^2.1.4"
      }
    },
    "node_modules/lodash": {
      "version": "4.17.21",
      "resolved": "https://registry.npmjs.org/lodash/-/lodash-4.17.21.tgz",
      "integrity": "sha512-v2kDEe57lecTulaDIuNTPy3Ry4gLGJ6Z1O3vE1krgXZNrsQ+LFTGHVxVjcXPs17LhbZVGedAJv8XZ1tvj5FvSg=="
    },
    "node_modules/pokersolver": {
      "version": "2.1.4",
      "resolved": "https://registry.npmjs.org/pokersolver/-/pokersolver-2.1.4.tgz",
      "integrity": "sha512-vmgZS+K8H8r1RePQykFM5YyvlKo1v3xVec8FMBjg9N6mR2Tj/n/X415w+lG67FWbrk71D/CADmKFinDgaQlAsw==",
      "engines": [
        "node >= 4.0.0"
      ]
    }
  }
}
